
Microsoft Visual Studio Solution File, Format Version 12.00
# Visual Studio Version 16
VisualStudioVersion = 16.0.31313.79
MinimumVisualStudioVersion = 10.0.40219.1
Project("{FAE04EC0-301F-11D3-BF4B-00C04F79EFBC}") = "polyExp", "polyExp\polyExp.csproj", "{0C8B29F9-A422-40E4-BB0A-1C468B32B59B}"
EndProject
Global
	GlobalSection(SolutionConfigurationPlatforms) = preSolution
		Debug|Any CPU = Debug|Any CPU
		Release|Any CPU = Release|Any CPU
	EndGlobalSection
	GlobalSection(ProjectConfigurationPlatforms) = postSolution
		{0C8B29F9-A422-40E4-BB0A-1C468B32B59B}.Debug|Any CPU.ActiveCfg = Debug|Any CPU
		{0C8B29F9-A422-40E4-BB0A-1C468B32B59B}.Debug|Any CPU.Build.0 = Debug|Any CPU
		{0C8B29F9-A422-40E4-BB0A-1C468B32B59B}.Release|Any CPU.ActiveCfg = Release|Any CPU
		{0C8B29F9-A422-40E4-BB0A-1C468B32B59B}.Release|Any CPU.Build.0 = Release|Any CPU
	EndGlobalSection
	GlobalSection(SolutionProperties) = preSolution
		HideSolutionNode = FALSE
	EndGlobalSection
	GlobalSection(ExtensibilityGlobals) = postSolution
		SolutionGuid = {682CB4C0-6681-4DE8-A737-F9D0877AEE08}
	EndGlobalSection
EndGlobal
